
Microsoft Visual Studio Solution File, Format Version 12.00
# Visual Studio Version 17
VisualStudioVersion = 17.4.33110.190
MinimumVisualStudioVersion = 10.0.40219.1
Project("{FAE04EC0-301F-11D3-BF4B-00C04F79EFBC}") = "SzkolaDontNetaExercices", "SzkolaDontNetaExercices\SzkolaDontNetaExercices.csproj", "{566D9A94-BC9B-4AC1-8C14-A1C0393BA8CF}"
EndProject
Global
	GlobalSection(SolutionConfigurationPlatforms) = preSolution
		Debug|Any CPU = Debug|Any CPU
		Release|Any CPU = Release|Any CPU
	EndGlobalSection
	GlobalSection(ProjectConfigurationPlatforms) = postSolution
		{566D9A94-BC9B-4AC1-8C14-A1C0393BA8CF}.Debug|Any CPU.ActiveCfg = Debug|Any CPU
		{566D9A94-BC9B-4AC1-8C14-A1C0393BA8CF}.Debug|Any CPU.Build.0 = Debug|Any CPU
		{566D9A94-BC9B-4AC1-8C14-A1C0393BA8CF}.Release|Any CPU.ActiveCfg = Release|Any CPU
		{566D9A94-BC9B-4AC1-8C14-A1C0393BA8CF}.Release|Any CPU.Build.0 = Release|Any CPU
	EndGlobalSection
	GlobalSection(SolutionProperties) = preSolution
		HideSolutionNode = FALSE
	EndGlobalSection
	GlobalSection(ExtensibilityGlobals) = postSolution
		SolutionGuid = {17EAD81B-5A94-4A36-953A-46037CDADB7F}
	EndGlobalSection
EndGlobal
